lockfileVersion: '9.0'

settings:
  autoInstallPeers: true
  excludeLinksFromLockfile: false

importers:

  .:
    dependencies:
      '@tailwindcss/vite':
        specifier: ^4.1.3
        version: 4.1.3(vite@5.4.17(@types/node@20.17.30)(lightningcss@1.29.2))
      tailwindcss:
        specifier: ^4.1.3
        version: 4.1.3
      vue:
        specifier: ^3.4.21
        version: 3.5.13(typescript@5.8.3)
    devDependencies:
      '@types/node':
        specifier: ^20.11.28
        version: 20.17.30
      '@vitejs/plugin-vue':
        specifier: ^5.0.4
        version: 5.2.3(vite@5.4.17(@types/node@20.17.30)(lightningcss@1.29.2))(vue@3.5.13(typescript@5.8.3))
      typescript:
        specifier: ^5.2.2
        version: 5.8.3
      vite:
        specifier: ^5.1.6
        version: 5.4.17(@types/node@20.17.30)(lightningcss@1.29.2)
      vue-tsc:
        specifier: ^1.8.27
        version: 1.8.27(typescript@5.8.3)

packages:

  '@babel/helper-string-parser@7.25.9':
    resolution: {integrity: sha512-4A/SCr/2KLd5jrtOMFzaKjVtAei3+2r/NChoBNoZ3EyP/+GlhoaEGoWOZUmFmoITP7zOJyHIMm+DYRd8o3PvHA==}
    engines: {node: '>=6.9.0'}

  '@babel/helper-validator-identifier@7.25.9':
    resolution: {integrity: sha512-Ed61U6XJc3CVRfkERJWDz4dJwKe7iLmmJsbOGu9wSloNSFttHV0I8g6UAgb7qnK5ly5bGLPd4oXZlxCdANBOWQ==}
    engines: {node: '>=6.9.0'}

  '@babel/parser@7.27.0':
    resolution: {integrity: sha512-iaepho73/2Pz7w2eMS0Q5f83+0RKI7i4xmiYeBmDzfRVbQtTOG7Ts0S4HzJVsTMGI9keU8rNfuZr8DKfSt7Yyg==}
    engines: {node: '>=6.0.0'}
    hasBin: true

  '@babel/types@7.27.0':
    resolution: {integrity: sha512-H45s8fVLYjbhFH62dIJ3WtmJ6RSPt/3DRO0ZcT2SUiYiQyz3BLVb9ADEnLl91m74aQPS3AzzeajZHYOalWe3bg==}
    engines: {node: '>=6.9.0'}

  '@esbuild/aix-ppc64@0.21.5':
    resolution: {integrity: sha512-1SDgH6ZSPTlggy1yI6+Dbkiz8xzpHJEVAlF/AM1tHPLsf5STom9rwtjE4hKAF20FfXXNTFqEYXyJNWh1GiZedQ==}
    engines: {node: '>=12'}
    cpu: [ppc64]
    os: [aix]

  '@esbuild/android-arm64@0.21.5':
    resolution: {integrity: sha512-c0uX9VAUBQ7dTDCjq+wdyGLowMdtR/GoC2U5IYk/7D1H1JYC0qseD7+11iMP2mRLN9RcCMRcjC4YMclCzGwS/A==}
    engines: {node: '>=12'}
    cpu: [arm64]
    os: [android]

  '@esbuild/android-arm@0.21.5':
    resolution: {integrity: sha512-vCPvzSjpPHEi1siZdlvAlsPxXl7WbOVUBBAowWug4rJHb68Ox8KualB+1ocNvT5fjv6wpkX6o/iEpbDrf68zcg==}
    engines: {node: '>=12'}
    cpu: [arm]
    os: [android]

  '@esbuild/android-x64@0.21.5':
    resolution: {integrity: sha512-D7aPRUUNHRBwHxzxRvp856rjUHRFW1SdQATKXH2hqA0kAZb1hKmi02OpYRacl0TxIGz/ZmXWlbZgjwWYaCakTA==}
    engines: {node: '>=12'}
    cpu: [x64]
    os: [android]

  '@esbuild/darwin-arm64@0.21.5':
    resolution: {integrity: sha512-DwqXqZyuk5AiWWf3UfLiRDJ5EDd49zg6O9wclZ7kUMv2WRFr4HKjXp/5t8JZ11QbQfUS6/cRCKGwYhtNAY88kQ==}
    engines: {node: '>=12'}
    cpu: [arm64]
    os: [darwin]

  '@esbuild/darwin-x64@0.21.5':
    resolution: {integrity: sha512-se/JjF8NlmKVG4kNIuyWMV/22ZaerB+qaSi5MdrXtd6R08kvs2qCN4C09miupktDitvh8jRFflwGFBQcxZRjbw==}
    engines: {node: '>=12'}
    cpu: [x64]
    os: [darwin]

  '@esbuild/freebsd-arm64@0.21.5':
    resolution: {integrity: sha512-5JcRxxRDUJLX8JXp/wcBCy3pENnCgBR9bN6JsY4OmhfUtIHe3ZW0mawA7+RDAcMLrMIZaf03NlQiX9DGyB8h4g==}
    engines: {node: '>=12'}
    cpu: [arm64]
    os: [freebsd]

  '@esbuild/freebsd-x64@0.21.5':
    resolution: {integrity: sha512-J95kNBj1zkbMXtHVH29bBriQygMXqoVQOQYA+ISs0/2l3T9/kj42ow2mpqerRBxDJnmkUDCaQT/dfNXWX/ZZCQ==}
    engines: {node: '>=12'}
    cpu: [x64]
    os: [freebsd]

  '@esbuild/linux-arm64@0.21.5':
    resolution: {integrity: sha512-ibKvmyYzKsBeX8d8I7MH/TMfWDXBF3db4qM6sy+7re0YXya+K1cem3on9XgdT2EQGMu4hQyZhan7TeQ8XkGp4Q==}
    engines: {node: '>=12'}
    cpu: [arm64]
    os: [linux]

  '@esbuild/linux-arm@0.21.5':
    resolution: {integrity: sha512-bPb5AHZtbeNGjCKVZ9UGqGwo8EUu4cLq68E95A53KlxAPRmUyYv2D6F0uUI65XisGOL1hBP5mTronbgo+0bFcA==}
    engines: {node: '>=12'}
    cpu: [arm]
    os: [linux]

  '@esbuild/linux-ia32@0.21.5':
    resolution: {integrity: sha512-YvjXDqLRqPDl2dvRODYmmhz4rPeVKYvppfGYKSNGdyZkA01046pLWyRKKI3ax8fbJoK5QbxblURkwK/MWY18Tg==}
    engines: {node: '>=12'}
    cpu: [ia32]
    os: [linux]

  '@esbuild/linux-loong64@0.21.5':
    resolution: {integrity: sha512-uHf1BmMG8qEvzdrzAqg2SIG/02+4/DHB6a9Kbya0XDvwDEKCoC8ZRWI5JJvNdUjtciBGFQ5PuBlpEOXQj+JQSg==}
    engines: {node: '>=12'}
    cpu: [loong64]
    os: [linux]

  '@esbuild/linux-mips64el@0.21.5':
    resolution: {integrity: sha512-IajOmO+KJK23bj52dFSNCMsz1QP1DqM6cwLUv3W1QwyxkyIWecfafnI555fvSGqEKwjMXVLokcV5ygHW5b3Jbg==}
    engines: {node: '>=12'}
    cpu: [mips64el]
    os: [linux]

  '@esbuild/linux-ppc64@0.21.5':
    resolution: {integrity: sha512-1hHV/Z4OEfMwpLO8rp7CvlhBDnjsC3CttJXIhBi+5Aj5r+MBvy4egg7wCbe//hSsT+RvDAG7s81tAvpL2XAE4w==}
    engines: {node: '>=12'}
    cpu: [ppc64]
    os: [linux]

  '@esbuild/linux-riscv64@0.21.5':
    resolution: {integrity: sha512-2HdXDMd9GMgTGrPWnJzP2ALSokE/0O5HhTUvWIbD3YdjME8JwvSCnNGBnTThKGEB91OZhzrJ4qIIxk/SBmyDDA==}
    engines: {node: '>=12'}
    cpu: [riscv64]
    os: [linux]

  '@esbuild/linux-s390x@0.21.5':
    resolution: {integrity: sha512-zus5sxzqBJD3eXxwvjN1yQkRepANgxE9lgOW2qLnmr8ikMTphkjgXu1HR01K4FJg8h1kEEDAqDcZQtbrRnB41A==}
    engines: {node: '>=12'}
    cpu: [s390x]
    os: [linux]

  '@esbuild/linux-x64@0.21.5':
    resolution: {integrity: sha512-1rYdTpyv03iycF1+BhzrzQJCdOuAOtaqHTWJZCWvijKD2N5Xu0TtVC8/+1faWqcP9iBCWOmjmhoH94dH82BxPQ==}
    engines: {node: '>=12'}
    cpu: [x64]
    os: [linux]

  '@esbuild/netbsd-x64@0.21.5':
    resolution: {integrity: sha512-Woi2MXzXjMULccIwMnLciyZH4nCIMpWQAs049KEeMvOcNADVxo0UBIQPfSmxB3CWKedngg7sWZdLvLczpe0tLg==}
    engines: {node: '>=12'}
    cpu: [x64]
    os: [netbsd]

  '@esbuild/openbsd-x64@0.21.5':
    resolution: {integrity: sha512-HLNNw99xsvx12lFBUwoT8EVCsSvRNDVxNpjZ7bPn947b8gJPzeHWyNVhFsaerc0n3TsbOINvRP2byTZ5LKezow==}
    engines: {node: '>=12'}
    cpu: [x64]
    os: [openbsd]

  '@esbuild/sunos-x64@0.21.5':
    resolution: {integrity: sha512-6+gjmFpfy0BHU5Tpptkuh8+uw3mnrvgs+dSPQXQOv3ekbordwnzTVEb4qnIvQcYXq6gzkyTnoZ9dZG+D4garKg==}
    engines: {node: '>=12'}
    cpu: [x64]
    os: [sunos]

  '@esbuild/win32-arm64@0.21.5':
    resolution: {integrity: sha512-Z0gOTd75VvXqyq7nsl93zwahcTROgqvuAcYDUr+vOv8uHhNSKROyU961kgtCD1e95IqPKSQKH7tBTslnS3tA8A==}
    engines: {node: '>=12'}
    cpu: [arm64]
    os: [win32]

  '@esbuild/win32-ia32@0.21.5':
    resolution: {integrity: sha512-SWXFF1CL2RVNMaVs+BBClwtfZSvDgtL//G/smwAc5oVK/UPu2Gu9tIaRgFmYFFKrmg3SyAjSrElf0TiJ1v8fYA==}
    engines: {node: '>=12'}
    cpu: [ia32]
    os: [win32]

  '@esbuild/win32-x64@0.21.5':
    resolution: {integrity: sha512-tQd/1efJuzPC6rCFwEvLtci/xNFcTZknmXs98FYDfGE4wP9ClFV98nyKrzJKVPMhdDnjzLhdUyMX4PsQAPjwIw==}
    engines: {node: '>=12'}
    cpu: [x64]
    os: [win32]

  '@jridgewell/sourcemap-codec@1.5.0':
    resolution: {integrity: sha512-gv3ZRaISU3fjPAgNsriBRqGWQL6quFx04YMPW/zD8XMLsU32mhCCbfbO6KZFLjvYpCZ8zyDEgqsgf+PwPaM7GQ==}

  '@rollup/rollup-android-arm-eabi@4.39.0':
    resolution: {integrity: sha512-lGVys55Qb00Wvh8DMAocp5kIcaNzEFTmGhfFd88LfaogYTRKrdxgtlO5H6S49v2Nd8R2C6wLOal0qv6/kCkOwA==}
    cpu: [arm]
    os: [android]

  '@rollup/rollup-android-arm64@4.39.0':
    resolution: {integrity: sha512-It9+M1zE31KWfqh/0cJLrrsCPiF72PoJjIChLX+rEcujVRCb4NLQ5QzFkzIZW8Kn8FTbvGQBY5TkKBau3S8cCQ==}
    cpu: [arm64]
    os: [android]

  '@rollup/rollup-darwin-arm64@4.39.0':
    resolution: {integrity: sha512-lXQnhpFDOKDXiGxsU9/l8UEGGM65comrQuZ+lDcGUx+9YQ9dKpF3rSEGepyeR5AHZ0b5RgiligsBhWZfSSQh8Q==}
    cpu: [arm64]
    os: [darwin]

  '@rollup/rollup-darwin-x64@4.39.0':
    resolution: {integrity: sha512-mKXpNZLvtEbgu6WCkNij7CGycdw9cJi2k9v0noMb++Vab12GZjFgUXD69ilAbBh034Zwn95c2PNSz9xM7KYEAQ==}
    cpu: [x64]
    os: [darwin]

  '@rollup/rollup-freebsd-arm64@4.39.0':
    resolution: {integrity: sha512-jivRRlh2Lod/KvDZx2zUR+I4iBfHcu2V/BA2vasUtdtTN2Uk3jfcZczLa81ESHZHPHy4ih3T/W5rPFZ/hX7RtQ==}
    cpu: [arm64]
    os: [freebsd]

  '@rollup/rollup-freebsd-x64@4.39.0':
    resolution: {integrity: sha512-8RXIWvYIRK9nO+bhVz8DwLBepcptw633gv/QT4015CpJ0Ht8punmoHU/DuEd3iw9Hr8UwUV+t+VNNuZIWYeY7Q==}
    cpu: [x64]
    os: [freebsd]

  '@rollup/rollup-linux-arm-gnueabihf@4.39.0':
    resolution: {integrity: sha512-mz5POx5Zu58f2xAG5RaRRhp3IZDK7zXGk5sdEDj4o96HeaXhlUwmLFzNlc4hCQi5sGdR12VDgEUqVSHer0lI9g==}
    cpu: [arm]
    os: [linux]

  '@rollup/rollup-linux-arm-musleabihf@4.39.0':
    resolution: {integrity: sha512-+YDwhM6gUAyakl0CD+bMFpdmwIoRDzZYaTWV3SDRBGkMU/VpIBYXXEvkEcTagw/7VVkL2vA29zU4UVy1mP0/Yw==}
    cpu: [arm]
    os: [linux]

  '@rollup/rollup-linux-arm64-gnu@4.39.0':
    resolution: {integrity: sha512-EKf7iF7aK36eEChvlgxGnk7pdJfzfQbNvGV/+l98iiMwU23MwvmV0Ty3pJ0p5WQfm3JRHOytSIqD9LB7Bq7xdQ==}
    cpu: [arm64]
    os: [linux]

  '@rollup/rollup-linux-arm64-musl@4.39.0':
    resolution: {integrity: sha512-vYanR6MtqC7Z2SNr8gzVnzUul09Wi1kZqJaek3KcIlI/wq5Xtq4ZPIZ0Mr/st/sv/NnaPwy/D4yXg5x0B3aUUA==}
    cpu: [arm64]
    os: [linux]

  '@rollup/rollup-linux-loongarch64-gnu@4.39.0':
    resolution: {integrity: sha512-NMRUT40+h0FBa5fb+cpxtZoGAggRem16ocVKIv5gDB5uLDgBIwrIsXlGqYbLwW8YyO3WVTk1FkFDjMETYlDqiw==}
    cpu: [loong64]
    os: [linux]

  '@rollup/rollup-linux-powerpc64le-gnu@4.39.0':
    resolution: {integrity: sha512-0pCNnmxgduJ3YRt+D+kJ6Ai/r+TaePu9ZLENl+ZDV/CdVczXl95CbIiwwswu4L+K7uOIGf6tMo2vm8uadRaICQ==}
    cpu: [ppc64]
    os: [linux]

  '@rollup/rollup-linux-riscv64-gnu@4.39.0':
    resolution: {integrity: sha512-t7j5Zhr7S4bBtksT73bO6c3Qa2AV/HqiGlj9+KB3gNF5upcVkx+HLgxTm8DK4OkzsOYqbdqbLKwvGMhylJCPhQ==}
    cpu: [riscv64]
    os: [linux]

  '@rollup/rollup-linux-riscv64-musl@4.39.0':
    resolution: {integrity: sha512-m6cwI86IvQ7M93MQ2RF5SP8tUjD39Y7rjb1qjHgYh28uAPVU8+k/xYWvxRO3/tBN2pZkSMa5RjnPuUIbrwVxeA==}
    cpu: [riscv64]
    os: [linux]

  '@rollup/rollup-linux-s390x-gnu@4.39.0':
    resolution: {integrity: sha512-iRDJd2ebMunnk2rsSBYlsptCyuINvxUfGwOUldjv5M4tpa93K8tFMeYGpNk2+Nxl+OBJnBzy2/JCscGeO507kA==}
    cpu: [s390x]
    os: [linux]

  '@rollup/rollup-linux-x64-gnu@4.39.0':
    resolution: {integrity: sha512-t9jqYw27R6Lx0XKfEFe5vUeEJ5pF3SGIM6gTfONSMb7DuG6z6wfj2yjcoZxHg129veTqU7+wOhY6GX8wmf90dA==}
    cpu: [x64]
    os: [linux]

  '@rollup/rollup-linux-x64-musl@4.39.0':
    resolution: {integrity: sha512-ThFdkrFDP55AIsIZDKSBWEt/JcWlCzydbZHinZ0F/r1h83qbGeenCt/G/wG2O0reuENDD2tawfAj2s8VK7Bugg==}
    cpu: [x64]
    os: [linux]

  '@rollup/rollup-win32-arm64-msvc@4.39.0':
    resolution: {integrity: sha512-jDrLm6yUtbOg2TYB3sBF3acUnAwsIksEYjLeHL+TJv9jg+TmTwdyjnDex27jqEMakNKf3RwwPahDIt7QXCSqRQ==}
    cpu: [arm64]
    os: [win32]

  '@rollup/rollup-win32-ia32-msvc@4.39.0':
    resolution: {integrity: sha512-6w9uMuza+LbLCVoNKL5FSLE7yvYkq9laSd09bwS0tMjkwXrmib/4KmoJcrKhLWHvw19mwU+33ndC69T7weNNjQ==}
    cpu: [ia32]
    os: [win32]

  '@rollup/rollup-win32-x64-msvc@4.39.0':
    resolution: {integrity: sha512-yAkUOkIKZlK5dl7u6dg897doBgLXmUHhIINM2c+sND3DZwnrdQkkSiDh7N75Ll4mM4dxSkYfXqU9fW3lLkMFug==}
    cpu: [x64]
    os: [win32]

  '@tailwindcss/node@4.1.3':
    resolution: {integrity: sha512-H/6r6IPFJkCfBJZ2dKZiPJ7Ueb2wbL592+9bQEl2r73qbX6yGnmQVIfiUvDRB2YI0a3PWDrzUwkvQx1XW1bNkA==}

  '@tailwindcss/oxide-android-arm64@4.1.3':
    resolution: {integrity: sha512-cxklKjtNLwFl3mDYw4XpEfBY+G8ssSg9ADL4Wm6//5woi3XGqlxFsnV5Zb6v07dxw1NvEX2uoqsxO/zWQsgR+g==}
    engines: {node: '>= 10'}
    cpu: [arm64]
    os: [android]

  '@tailwindcss/oxide-darwin-arm64@4.1.3':
    resolution: {integrity: sha512-mqkf2tLR5VCrjBvuRDwzKNShRu99gCAVMkVsaEOFvv6cCjlEKXRecPu9DEnxp6STk5z+Vlbh1M5zY3nQCXMXhw==}
    engines: {node: '>= 10'}
    cpu: [arm64]
    os: [darwin]

  '@tailwindcss/oxide-darwin-x64@4.1.3':
    resolution: {integrity: sha512-7sGraGaWzXvCLyxrc7d+CCpUN3fYnkkcso3rCzwUmo/LteAl2ZGCDlGvDD8Y/1D3ngxT8KgDj1DSwOnNewKhmg==}
    engines: {node: '>= 10'}
    cpu: [x64]
    os: [darwin]

  '@tailwindcss/oxide-freebsd-x64@4.1.3':
    resolution: {integrity: sha512-E2+PbcbzIReaAYZe997wb9rId246yDkCwAakllAWSGqe6VTg9hHle67hfH6ExjpV2LSK/siRzBUs5wVff3RW9w==}
    engines: {node: '>= 10'}
    cpu: [x64]
    os: [freebsd]

  '@tailwindcss/oxide-linux-arm-gnueabihf@4.1.3':
    resolution: {integrity: sha512-GvfbJ8wjSSjbLFFE3UYz4Eh8i4L6GiEYqCtA8j2Zd2oXriPuom/Ah/64pg/szWycQpzRnbDiJozoxFU2oJZyfg==}
    engines: {node: '>= 10'}
    cpu: [arm]
    os: [linux]

  '@tailwindcss/oxide-linux-arm64-gnu@4.1.3':
    resolution: {integrity: sha512-35UkuCWQTeG9BHcBQXndDOrpsnt3Pj9NVIB4CgNiKmpG8GnCNXeMczkUpOoqcOhO6Cc/mM2W7kaQ/MTEENDDXg==}
    engines: {node: '>= 10'}
    cpu: [arm64]
    os: [linux]

  '@tailwindcss/oxide-linux-arm64-musl@4.1.3':
    resolution: {integrity: sha512-dm18aQiML5QCj9DQo7wMbt1Z2tl3Giht54uVR87a84X8qRtuXxUqnKQkRDK5B4bCOmcZ580lF9YcoMkbDYTXHQ==}
    engines: {node: '>= 10'}
    cpu: [arm64]
    os: [linux]

  '@tailwindcss/oxide-linux-x64-gnu@4.1.3':
    resolution: {integrity: sha512-LMdTmGe/NPtGOaOfV2HuO7w07jI3cflPrVq5CXl+2O93DCewADK0uW1ORNAcfu2YxDUS035eY2W38TxrsqngxA==}
    engines: {node: '>= 10'}
    cpu: [x64]
    os: [linux]

  '@tailwindcss/oxide-linux-x64-musl@4.1.3':
    resolution: {integrity: sha512-aalNWwIi54bbFEizwl1/XpmdDrOaCjRFQRgtbv9slWjmNPuJJTIKPHf5/XXDARc9CneW9FkSTqTbyvNecYAEGw==}
    engines: {node: '>= 10'}
    cpu: [x64]
    os: [linux]

  '@tailwindcss/oxide-win32-arm64-msvc@4.1.3':
    resolution: {integrity: sha512-PEj7XR4OGTGoboTIAdXicKuWl4EQIjKHKuR+bFy9oYN7CFZo0eu74+70O4XuERX4yjqVZGAkCdglBODlgqcCXg==}
    engines: {node: '>= 10'}
    cpu: [arm64]
    os: [win32]

  '@tailwindcss/oxide-win32-x64-msvc@4.1.3':
    resolution: {integrity: sha512-T8gfxECWDBENotpw3HR9SmNiHC9AOJdxs+woasRZ8Q/J4VHN0OMs7F+4yVNZ9EVN26Wv6mZbK0jv7eHYuLJLwA==}
    engines: {node: '>= 10'}
    cpu: [x64]
    os: [win32]

  '@tailwindcss/oxide@4.1.3':
    resolution: {integrity: sha512-t16lpHCU7LBxDe/8dCj9ntyNpXaSTAgxWm1u2XQP5NiIu4KGSyrDJJRlK9hJ4U9yJxx0UKCVI67MJWFNll5mOQ==}
    engines: {node: '>= 10'}

  '@tailwindcss/vite@4.1.3':
    resolution: {integrity: sha512-lUI/QaDxLtlV52Lho6pu07CG9pSnRYLOPmKGIQjyHdTBagemc6HmgZxyjGAQ/5HMPrNeWBfTVIpQl0/jLXvWHQ==}
    peerDependencies:
      vite: ^5.2.0 || ^6

  '@types/estree@1.0.7':
    resolution: {integrity: sha512-w28IoSUCJpidD/TGviZwwMJckNESJZXFu7NBZ5YJ4mEUnNraUn9Pm8HSZm/jDF1pDWYKspWE7oVphigUPRakIQ==}

  '@types/node@20.17.30':
    resolution: {integrity: sha512-7zf4YyHA+jvBNfVrk2Gtvs6x7E8V+YDW05bNfG2XkWDJfYRXrTiP/DsB2zSYTaHX0bGIujTBQdMVAhb+j7mwpg==}

  '@vitejs/plugin-vue@5.2.3':
    resolution: {integrity: sha512-IYSLEQj4LgZZuoVpdSUCw3dIynTWQgPlaRP6iAvMle4My0HdYwr5g5wQAfwOeHQBmYwEkqF70nRpSilr6PoUDg==}
    engines: {node: ^18.0.0 || >=20.0.0}
    peerDependencies:
      vite: ^5.0.0 || ^6.0.0
      vue: ^3.2.25

  '@volar/language-core@1.11.1':
    resolution: {integrity: sha512-dOcNn3i9GgZAcJt43wuaEykSluAuOkQgzni1cuxLxTV0nJKanQztp7FxyswdRILaKH+P2XZMPRp2S4MV/pElCw==}

  '@volar/source-map@1.11.1':
    resolution: {integrity: sha512-hJnOnwZ4+WT5iupLRnuzbULZ42L7BWWPMmruzwtLhJfpDVoZLjNBxHDi2sY2bgZXCKlpU5XcsMFoYrsQmPhfZg==}

  '@volar/typescript@1.11.1':
    resolution: {integrity: sha512-iU+t2mas/4lYierSnoFOeRFQUhAEMgsFuQxoxvwn5EdQopw43j+J27a4lt9LMInx1gLJBC6qL14WYGlgymaSMQ==}

  '@vue/compiler-core@3.5.13':
    resolution: {integrity: sha512-oOdAkwqUfW1WqpwSYJce06wvt6HljgY3fGeM9NcVA1HaYOij3mZG9Rkysn0OHuyUAGMbEbARIpsG+LPVlBJ5/Q==}

  '@vue/compiler-dom@3.5.13':
    resolution: {integrity: sha512-ZOJ46sMOKUjO3e94wPdCzQ6P1Lx/vhp2RSvfaab88Ajexs0AHeV0uasYhi99WPaogmBlRHNRuly8xV75cNTMDA==}

  '@vue/compiler-sfc@3.5.13':
    resolution: {integrity: sha512-6VdaljMpD82w6c2749Zhf5T9u5uLBWKnVue6XWxprDobftnletJ8+oel7sexFfM3qIxNmVE7LSFGTpv6obNyaQ==}

  '@vue/compiler-ssr@3.5.13':
    resolution: {integrity: sha512-wMH6vrYHxQl/IybKJagqbquvxpWCuVYpoUJfCqFZwa/JY1GdATAQ+TgVtgrwwMZ0D07QhA99rs/EAAWfvG6KpA==}

  '@vue/language-core@1.8.27':
    resolution: {integrity: sha512-L8Kc27VdQserNaCUNiSFdDl9LWT24ly8Hpwf1ECy3aFb9m6bDhBGQYOujDm21N7EW3moKIOKEanQwe1q5BK+mA==}
    peerDependencies:
      typescript: '*'
    peerDependenciesMeta:
      typescript:
        optional: true

  '@vue/reactivity@3.5.13':
    resolution: {integrity: sha512-NaCwtw8o48B9I6L1zl2p41OHo/2Z4wqYGGIK1Khu5T7yxrn+ATOixn/Udn2m+6kZKB/J7cuT9DbWWhRxqixACg==}

  '@vue/runtime-core@3.5.13':
    resolution: {integrity: sha512-Fj4YRQ3Az0WTZw1sFe+QDb0aXCerigEpw418pw1HBUKFtnQHWzwojaukAs2X/c9DQz4MQ4bsXTGlcpGxU/RCIw==}

  '@vue/runtime-dom@3.5.13':
    resolution: {integrity: sha512-dLaj94s93NYLqjLiyFzVs9X6dWhTdAlEAciC3Moq7gzAc13VJUdCnjjRurNM6uTLFATRHexHCTu/Xp3eW6yoog==}

  '@vue/server-renderer@3.5.13':
    resolution: {integrity: sha512-wAi4IRJV/2SAW3htkTlB+dHeRmpTiVIK1OGLWV1yeStVSebSQQOwGwIq0D3ZIoBj2C2qpgz5+vX9iEBkTdk5YA==}
    peerDependencies:
      vue: 3.5.13

  '@vue/shared@3.5.13':
    resolution: {integrity: sha512-/hnE/qP5ZoGpol0a5mDi45bOd7t3tjYJBjsgCsivow7D48cJeV5l05RD82lPqi7gRiphZM37rnhW1l6ZoCNNnQ==}

  balanced-match@1.0.2:
    resolution: {integrity: sha512-3oSeUO0TMV67hN1AmbXsK4yaqU7tjiHlbxRDZOpH0KW9+CeX4bRAaX0Anxt0tx2MrpRpWwQaPwIlISEJhYU5Pw==}

  brace-expansion@2.0.1:
    resolution: {integrity: sha512-XnAIvQ8eM+kC6aULx6wuQiwVsnzsi9d3WxzV3FpWTGA19F621kwdbsAcFKXgKUHZWsy+mY6iL1sHTxWEFCytDA==}

  computeds@0.0.1:
    resolution: {integrity: sha512-7CEBgcMjVmitjYo5q8JTJVra6X5mQ20uTThdK+0kR7UEaDrAWEQcRiBtWJzga4eRpP6afNwwLsX2SET2JhVB1Q==}

  csstype@3.1.3:
    resolution: {integrity: sha512-M1uQkMl8rQK/szD0LNhtqxIPLpimGm8sOBwU7lLnCpSbTyY3yeU1Vc7l4KT5zT4s/yOxHH5O7tIuuLOCnLADRw==}

  de-indent@1.0.2:
    resolution: {integrity: sha512-e/1zu3xH5MQryN2zdVaF0OrdNLUbvWxzMbi+iNA6Bky7l1RoP8a2fIbRocyHclXt/arDrrR6lL3TqFD9pMQTsg==}

  detect-libc@2.0.3:
    resolution: {integrity: sha512-bwy0MGW55bG41VqxxypOsdSdGqLwXPI/focwgTYCFMbdUiBAxLg9CFzG08sz2aqzknwiX7Hkl0bQENjg8iLByw==}
    engines: {node: '>=8'}

  enhanced-resolve@5.18.1:
    resolution: {integrity: sha512-ZSW3ma5GkcQBIpwZTSRAI8N71Uuwgs93IezB7mf7R60tC8ZbJideoDNKjHn2O9KIlx6rkGTTEk1xUCK2E1Y2Yg==}
    engines: {node: '>=10.13.0'}

  entities@4.5.0:
    resolution: {integrity: sha512-V0hjH4dGPh9Ao5p0MoRY6BVqtwCjhz6vI5LT8AJ55H+4g9/4vbHx1I54fS0XuclLhDHArPQCiMjDxjaL8fPxhw==}
    engines: {node: '>=0.12'}

  esbuild@0.21.5:
    resolution: {integrity: sha512-mg3OPMV4hXywwpoDxu3Qda5xCKQi+vCTZq8S9J/EpkhB2HzKXq4SNFZE3+NK93JYxc8VMSep+lOUSC/RVKaBqw==}
    engines: {node: '>=12'}
    hasBin: true

  estree-walker@2.0.2:
    resolution: {integrity: sha512-Rfkk/Mp/DL7JVje3u18FxFujQlTNR2q6QfMSMB7AvCBx91NGj/ba3kCfza0f6dVDbw7YlRf/nDrn7pQrCCyQ/w==}

  fsevents@2.3.3:
    resolution: {integrity: sha512-5xoDfX+fL7faATnagmWPpbFtwh/R77WmMMqqHGS65C3vvB0YHrgF+B1YmZ3441tMj5n63k0212XNoJwzlhffQw==}
    engines: {node: ^8.16.0 || ^10.6.0 || >=11.0.0}
    os: [darwin]

  graceful-fs@4.2.11:
    resolution: {integrity: sha512-RbJ5/jmFcNNCcDV5o9eTnBLJ/HszWV0P73bc+Ff4nS/rJj+YaS6IGyiOL0VoBYX+l1Wrl3k63h/KrH+nhJ0XvQ==}

  he@1.2.0:
    resolution: {integrity: sha512-F/1DnUGPopORZi0ni+CvrCgHQ5FyEAHRLSApuYWMmrbSwoN2Mn/7k+Gl38gJnR7yyDZk6WLXwiGod1JOWNDKGw==}
    hasBin: true

  jiti@2.4.2:
    resolution: {integrity: sha512-rg9zJN+G4n2nfJl5MW3BMygZX56zKPNVEYYqq7adpmMh4Jn2QNEwhvQlFy6jPVdcod7txZtKHWnyZiA3a0zP7A==}
    hasBin: true

  lightningcss-darwin-arm64@1.29.2:
    resolution: {integrity: sha512-cK/eMabSViKn/PG8U/a7aCorpeKLMlK0bQeNHmdb7qUnBkNPnL+oV5DjJUo0kqWsJUapZsM4jCfYItbqBDvlcA==}
    engines: {node: '>= 12.0.0'}
    cpu: [arm64]
    os: [darwin]

  lightningcss-darwin-x64@1.29.2:
    resolution: {integrity: sha512-j5qYxamyQw4kDXX5hnnCKMf3mLlHvG44f24Qyi2965/Ycz829MYqjrVg2H8BidybHBp9kom4D7DR5VqCKDXS0w==}
    engines: {node: '>= 12.0.0'}
    cpu: [x64]
    os: [darwin]

  lightningcss-freebsd-x64@1.29.2:
    resolution: {integrity: sha512-wDk7M2tM78Ii8ek9YjnY8MjV5f5JN2qNVO+/0BAGZRvXKtQrBC4/cn4ssQIpKIPP44YXw6gFdpUF+Ps+RGsCwg==}
    engines: {node: '>= 12.0.0'}
    cpu: [x64]
    os: [freebsd]

  lightningcss-linux-arm-gnueabihf@1.29.2:
    resolution: {integrity: sha512-IRUrOrAF2Z+KExdExe3Rz7NSTuuJ2HvCGlMKoquK5pjvo2JY4Rybr+NrKnq0U0hZnx5AnGsuFHjGnNT14w26sg==}
    engines: {node: '>= 12.0.0'}
    cpu: [arm]
    os: [linux]

  lightningcss-linux-arm64-gnu@1.29.2:
    resolution: {integrity: sha512-KKCpOlmhdjvUTX/mBuaKemp0oeDIBBLFiU5Fnqxh1/DZ4JPZi4evEH7TKoSBFOSOV3J7iEmmBaw/8dpiUvRKlQ==}
    engines: {node: '>= 12.0.0'}
    cpu: [arm64]
    os: [linux]

  lightningcss-linux-arm64-musl@1.29.2:
    resolution: {integrity: sha512-Q64eM1bPlOOUgxFmoPUefqzY1yV3ctFPE6d/Vt7WzLW4rKTv7MyYNky+FWxRpLkNASTnKQUaiMJ87zNODIrrKQ==}
    engines: {node: '>= 12.0.0'}
    cpu: [arm64]
    os: [linux]

  lightningcss-linux-x64-gnu@1.29.2:
    resolution: {integrity: sha512-0v6idDCPG6epLXtBH/RPkHvYx74CVziHo6TMYga8O2EiQApnUPZsbR9nFNrg2cgBzk1AYqEd95TlrsL7nYABQg==}
    engines: {node: '>= 12.0.0'}
    cpu: [x64]
    os: [linux]

  lightningcss-linux-x64-musl@1.29.2:
    resolution: {integrity: sha512-rMpz2yawkgGT8RULc5S4WiZopVMOFWjiItBT7aSfDX4NQav6M44rhn5hjtkKzB+wMTRlLLqxkeYEtQ3dd9696w==}
    engines: {node: '>= 12.0.0'}
    cpu: [x64]
    os: [linux]

  lightningcss-win32-arm64-msvc@1.29.2:
    resolution: {integrity: sha512-nL7zRW6evGQqYVu/bKGK+zShyz8OVzsCotFgc7judbt6wnB2KbiKKJwBE4SGoDBQ1O94RjW4asrCjQL4i8Fhbw==}
    engines: {node: '>= 12.0.0'}
    cpu: [arm64]
    os: [win32]

  lightningcss-win32-x64-msvc@1.29.2:
    resolution: {integrity: sha512-EdIUW3B2vLuHmv7urfzMI/h2fmlnOQBk1xlsDxkN1tCWKjNFjfLhGxYk8C8mzpSfr+A6jFFIi8fU6LbQGsRWjA==}
    engines: {node: '>= 12.0.0'}
    cpu: [x64]
    os: [win32]

  lightningcss@1.29.2:
    resolution: {integrity: sha512-6b6gd/RUXKaw5keVdSEtqFVdzWnU5jMxTUjA2bVcMNPLwSQ08Sv/UodBVtETLCn7k4S1Ibxwh7k68IwLZPgKaA==}
    engines: {node: '>= 12.0.0'}

  magic-string@0.30.17:
    resolution: {integrity: sha512-sNPKHvyjVf7gyjwS4xGTaW/mCnF8wnjtifKBEhxfZ7E/S8tQ0rssrwGNn6q8JH/ohItJfSQp9mBtQYuTlH5QnA==}

  minimatch@9.0.5:
    resolution: {integrity: sha512-G6T0ZX48xgozx7587koeX9Ys2NYy6Gmv//P89sEte9V9whIapMNF4idKxnW2QtCcLiTWlb/wfCabAtAFWhhBow==}
    engines: {node: '>=16 || 14 >=14.17'}

  muggle-string@0.3.1:
    resolution: {integrity: sha512-ckmWDJjphvd/FvZawgygcUeQCxzvohjFO5RxTjj4eq8kw359gFF3E1brjfI+viLMxss5JrHTDRHZvu2/tuy0Qg==}

  nanoid@3.3.11:
    resolution: {integrity: sha512-N8SpfPUnUp1bK+PMYW8qSWdl9U+wwNWI4QKxOYDy9JAro3WMX7p2OeVRF9v+347pnakNevPmiHhNmZ2HbFA76w==}
    engines: {node: ^10 || ^12 || ^13.7 || ^14 || >=15.0.1}
    hasBin: true

  path-browserify@1.0.1:
    resolution: {integrity: sha512-b7uo2UCUOYZcnF/3ID0lulOJi/bafxa1xPe7ZPsammBSpjSWQkjNxlt635YGS2MiR9GjvuXCtz2emr3jbsz98g==}

  picocolors@1.1.1:
    resolution: {integrity: sha512-xceH2snhtb5M9liqDsmEw56le376mTZkEX/jEb/RxNFyegNul7eNslCXP9FDj/Lcu0X8KEyMceP2ntpaHrDEVA==}

  postcss@8.5.3:
    resolution: {integrity: sha512-dle9A3yYxlBSrt8Fu+IpjGT8SY8hN0mlaA6GY8t0P5PjIOZemULz/E2Bnm/2dcUOena75OTNkHI76uZBNUUq3A==}
    engines: {node: ^10 || ^12 || >=14}

  rollup@4.39.0:
    resolution: {integrity: sha512-thI8kNc02yNvnmJp8dr3fNWJ9tCONDhp6TV35X6HkKGGs9E6q7YWCHbe5vKiTa7TAiNcFEmXKj3X/pG2b3ci0g==}
    engines: {node: '>=18.0.0', npm: '>=8.0.0'}
    hasBin: true

  semver@7.7.1:
    resolution: {integrity: sha512-hlq8tAfn0m/61p4BVRcPzIGr6LKiMwo4VM6dGi6pt4qcRkmNzTcWq6eCEjEh+qXjkMDvPlOFFSGwQjoEa6gyMA==}
    engines: {node: '>=10'}
    hasBin: true

  source-map-js@1.2.1:
    resolution: {integrity: sha512-UXWMKhLOwVKb728IUtQPXxfYU+usdybtUrK/8uGE8CQMvrhOpwvzDBwj0QhSL7MQc7vIsISBG8VQ8+IDQxpfQA==}
    engines: {node: '>=0.10.0'}

  tailwindcss@4.1.3:
    resolution: {integrity: sha512-2Q+rw9vy1WFXu5cIxlvsabCwhU2qUwodGq03ODhLJ0jW4ek5BUtoCsnLB0qG+m8AHgEsSJcJGDSDe06FXlP74g==}

  tapable@2.2.1:
    resolution: {integrity: sha512-GNzQvQTOIP6RyTfE2Qxb8ZVlNmw0n88vp1szwWRimP02mnTsx3Wtn5qRdqY9w2XduFNUgvOwhNnQsjwCp+kqaQ==}
    engines: {node: '>=6'}

  typescript@5.8.3:
    resolution: {integrity: sha512-p1diW6TqL9L07nNxvRMM7hMMw4c5XOo/1ibL4aAIGmSAt9slTE1Xgw5KWuof2uTOvCg9BY7ZRi+GaF+7sfgPeQ==}
    engines: {node: '>=14.17'}
    hasBin: true

  undici-types@6.19.8:
    resolution: {integrity: sha512-ve2KP6f/JnbPBFyobGHuerC9g1FYGn/F8n1LWTwNxCEzd6IfqTwUQcNXgEtmmQ6DlRrC1hrSrBnCZPokRrDHjw==}

  vite@5.4.17:
    resolution: {integrity: sha512-5+VqZryDj4wgCs55o9Lp+p8GE78TLVg0lasCH5xFZ4jacZjtqZa6JUw9/p0WeAojaOfncSM6v77InkFPGnvPvg==}
    engines: {node: ^18.0.0 || >=20.0.0}
    hasBin: true
    peerDependencies:
      '@types/node': ^18.0.0 || >=20.0.0
      less: '*'
      lightningcss: ^1.21.0
      sass: '*'
      sass-embedded: '*'
      stylus: '*'
      sugarss: '*'
      terser: ^5.4.0
    peerDependenciesMeta:
      '@types/node':
        optional: true
      less:
        optional: true
      lightningcss:
        optional: true
      sass:
        optional: true
      sass-embedded:
        optional: true
      stylus:
        optional: true
      sugarss:
        optional: true
      terser:
        optional: true

  vue-template-compiler@2.7.16:
    resolution: {integrity: sha512-AYbUWAJHLGGQM7+cNTELw+KsOG9nl2CnSv467WobS5Cv9uk3wFcnr1Etsz2sEIHEZvw1U+o9mRlEO6QbZvUPGQ==}

  vue-tsc@1.8.27:
    resolution: {integrity: sha512-WesKCAZCRAbmmhuGl3+VrdWItEvfoFIPXOvUJkjULi+x+6G/Dy69yO3TBRJDr9eUlmsNAwVmxsNZxvHKzbkKdg==}
    hasBin: true
    peerDependencies:
      typescript: '*'

  vue@3.5.13:
    resolution: {integrity: sha512-wmeiSMxkZCSc+PM2w2VRsOYAZC8GdipNFRTsLSfodVqI9mbejKeXEGr8SckuLnrQPGe3oJN5c3K0vpoU9q/wCQ==}
    peerDependencies:
      typescript: '*'
    peerDependenciesMeta:
      typescript:
        optional: true

snapshots:

  '@babel/helper-string-parser@7.25.9': {}

  '@babel/helper-validator-identifier@7.25.9': {}

  '@babel/parser@7.27.0':
    dependencies:
      '@babel/types': 7.27.0

  '@babel/types@7.27.0':
    dependencies:
      '@babel/helper-string-parser': 7.25.9
      '@babel/helper-validator-identifier': 7.25.9

  '@esbuild/aix-ppc64@0.21.5':
    optional: true

  '@esbuild/android-arm64@0.21.5':
    optional: true

  '@esbuild/android-arm@0.21.5':
    optional: true

  '@esbuild/android-x64@0.21.5':
    optional: true

  '@esbuild/darwin-arm64@0.21.5':
    optional: true

  '@esbuild/darwin-x64@0.21.5':
    optional: true

  '@esbuild/freebsd-arm64@0.21.5':
    optional: true

  '@esbuild/freebsd-x64@0.21.5':
    optional: true

  '@esbuild/linux-arm64@0.21.5':
    optional: true

  '@esbuild/linux-arm@0.21.5':
    optional: true

  '@esbuild/linux-ia32@0.21.5':
    optional: true

  '@esbuild/linux-loong64@0.21.5':
    optional: true

  '@esbuild/linux-mips64el@0.21.5':
    optional: true

  '@esbuild/linux-ppc64@0.21.5':
    optional: true

  '@esbuild/linux-riscv64@0.21.5':
    optional: true

  '@esbuild/linux-s390x@0.21.5':
    optional: true

  '@esbuild/linux-x64@0.21.5':
    optional: true

  '@esbuild/netbsd-x64@0.21.5':
    optional: true

  '@esbuild/openbsd-x64@0.21.5':
    optional: true

  '@esbuild/sunos-x64@0.21.5':
    optional: true

  '@esbuild/win32-arm64@0.21.5':
    optional: true

  '@esbuild/win32-ia32@0.21.5':
    optional: true

  '@esbuild/win32-x64@0.21.5':
    optional: true

  '@jridgewell/sourcemap-codec@1.5.0': {}

  '@rollup/rollup-android-arm-eabi@4.39.0':
    optional: true

  '@rollup/rollup-android-arm64@4.39.0':
    optional: true

  '@rollup/rollup-darwin-arm64@4.39.0':
    optional: true

  '@rollup/rollup-darwin-x64@4.39.0':
    optional: true

  '@rollup/rollup-freebsd-arm64@4.39.0':
    optional: true

  '@rollup/rollup-freebsd-x64@4.39.0':
    optional: true

  '@rollup/rollup-linux-arm-gnueabihf@4.39.0':
    optional: true

  '@rollup/rollup-linux-arm-musleabihf@4.39.0':
    optional: true

  '@rollup/rollup-linux-arm64-gnu@4.39.0':
    optional: true

  '@rollup/rollup-linux-arm64-musl@4.39.0':
    optional: true

  '@rollup/rollup-linux-loongarch64-gnu@4.39.0':
    optional: true

  '@rollup/rollup-linux-powerpc64le-gnu@4.39.0':
    optional: true

  '@rollup/rollup-linux-riscv64-gnu@4.39.0':
    optional: true

  '@rollup/rollup-linux-riscv64-musl@4.39.0':
    optional: true

  '@rollup/rollup-linux-s390x-gnu@4.39.0':
    optional: true

  '@rollup/rollup-linux-x64-gnu@4.39.0':
    optional: true

  '@rollup/rollup-linux-x64-musl@4.39.0':
    optional: true

  '@rollup/rollup-win32-arm64-msvc@4.39.0':
    optional: true

  '@rollup/rollup-win32-ia32-msvc@4.39.0':
    optional: true

  '@rollup/rollup-win32-x64-msvc@4.39.0':
    optional: true

  '@tailwindcss/node@4.1.3':
    dependencies:
      enhanced-resolve: 5.18.1
      jiti: 2.4.2
      lightningcss: 1.29.2
      tailwindcss: 4.1.3

  '@tailwindcss/oxide-android-arm64@4.1.3':
    optional: true

  '@tailwindcss/oxide-darwin-arm64@4.1.3':
    optional: true

  '@tailwindcss/oxide-darwin-x64@4.1.3':
    optional: true

  '@tailwindcss/oxide-freebsd-x64@4.1.3':
    optional: true

  '@tailwindcss/oxide-linux-arm-gnueabihf@4.1.3':
    optional: true

  '@tailwindcss/oxide-linux-arm64-gnu@4.1.3':
    optional: true

  '@tailwindcss/oxide-linux-arm64-musl@4.1.3':
    optional: true

  '@tailwindcss/oxide-linux-x64-gnu@4.1.3':
    optional: true

  '@tailwindcss/oxide-linux-x64-musl@4.1.3':
    optional: true

  '@tailwindcss/oxide-win32-arm64-msvc@4.1.3':
    optional: true

  '@tailwindcss/oxide-win32-x64-msvc@4.1.3':
    optional: true

  '@tailwindcss/oxide@4.1.3':
    optionalDependencies:
      '@tailwindcss/oxide-android-arm64': 4.1.3
      '@tailwindcss/oxide-darwin-arm64': 4.1.3
      '@tailwindcss/oxide-darwin-x64': 4.1.3
      '@tailwindcss/oxide-freebsd-x64': 4.1.3
      '@tailwindcss/oxide-linux-arm-gnueabihf': 4.1.3
      '@tailwindcss/oxide-linux-arm64-gnu': 4.1.3
      '@tailwindcss/oxide-linux-arm64-musl': 4.1.3
      '@tailwindcss/oxide-linux-x64-gnu': 4.1.3
      '@tailwindcss/oxide-linux-x64-musl': 4.1.3
      '@tailwindcss/oxide-win32-arm64-msvc': 4.1.3
      '@tailwindcss/oxide-win32-x64-msvc': 4.1.3

  '@tailwindcss/vite@4.1.3(vite@5.4.17(@types/node@20.17.30)(lightningcss@1.29.2))':
    dependencies:
      '@tailwindcss/node': 4.1.3
      '@tailwindcss/oxide': 4.1.3
      tailwindcss: 4.1.3
      vite: 5.4.17(@types/node@20.17.30)(lightningcss@1.29.2)

  '@types/estree@1.0.7': {}

  '@types/node@20.17.30':
    dependencies:
      undici-types: 6.19.8

  '@vitejs/plugin-vue@5.2.3(vite@5.4.17(@types/node@20.17.30)(lightningcss@1.29.2))(vue@3.5.13(typescript@5.8.3))':
    dependencies:
      vite: 5.4.17(@types/node@20.17.30)(lightningcss@1.29.2)
      vue: 3.5.13(typescript@5.8.3)

  '@volar/language-core@1.11.1':
    dependencies:
      '@volar/source-map': 1.11.1

  '@volar/source-map@1.11.1':
    dependencies:
      muggle-string: 0.3.1

  '@volar/typescript@1.11.1':
    dependencies:
      '@volar/language-core': 1.11.1
      path-browserify: 1.0.1

  '@vue/compiler-core@3.5.13':
    dependencies:
      '@babel/parser': 7.27.0
      '@vue/shared': 3.5.13
      entities: 4.5.0
      estree-walker: 2.0.2
      source-map-js: 1.2.1

  '@vue/compiler-dom@3.5.13':
    dependencies:
      '@vue/compiler-core': 3.5.13
      '@vue/shared': 3.5.13

  '@vue/compiler-sfc@3.5.13':
    dependencies:
      '@babel/parser': 7.27.0
      '@vue/compiler-core': 3.5.13
      '@vue/compiler-dom': 3.5.13
      '@vue/compiler-ssr': 3.5.13
      '@vue/shared': 3.5.13
      estree-walker: 2.0.2
      magic-string: 0.30.17
      postcss: 8.5.3
      source-map-js: 1.2.1

  '@vue/compiler-ssr@3.5.13':
    dependencies:
      '@vue/compiler-dom': 3.5.13
      '@vue/shared': 3.5.13

  '@vue/language-core@1.8.27(typescript@5.8.3)':
    dependencies:
      '@volar/language-core': 1.11.1
      '@volar/source-map': 1.11.1
      '@vue/compiler-dom': 3.5.13
      '@vue/shared': 3.5.13
      computeds: 0.0.1
      minimatch: 9.0.5
      muggle-string: 0.3.1
      path-browserify: 1.0.1
      vue-template-compiler: 2.7.16
    optionalDependencies:
      typescript: 5.8.3

  '@vue/reactivity@3.5.13':
    dependencies:
      '@vue/shared': 3.5.13

  '@vue/runtime-core@3.5.13':
    dependencies:
      '@vue/reactivity': 3.5.13
      '@vue/shared': 3.5.13

  '@vue/runtime-dom@3.5.13':
    dependencies:
      '@vue/reactivity': 3.5.13
      '@vue/runtime-core': 3.5.13
      '@vue/shared': 3.5.13
      csstype: 3.1.3

  '@vue/server-renderer@3.5.13(vue@3.5.13(typescript@5.8.3))':
    dependencies:
      '@vue/compiler-ssr': 3.5.13
      '@vue/shared': 3.5.13
      vue: 3.5.13(typescript@5.8.3)

  '@vue/shared@3.5.13': {}

  balanced-match@1.0.2: {}

  brace-expansion@2.0.1:
    dependencies:
      balanced-match: 1.0.2

  computeds@0.0.1: {}

  csstype@3.1.3: {}

  de-indent@1.0.2: {}

  detect-libc@2.0.3: {}

  enhanced-resolve@5.18.1:
    dependencies:
      graceful-fs: 4.2.11
      tapable: 2.2.1

  entities@4.5.0: {}

  esbuild@0.21.5:
    optionalDependencies:
      '@esbuild/aix-ppc64': 0.21.5
      '@esbuild/android-arm': 0.21.5
      '@esbuild/android-arm64': 0.21.5
      '@esbuild/android-x64': 0.21.5
      '@esbuild/darwin-arm64': 0.21.5
      '@esbuild/darwin-x64': 0.21.5
      '@esbuild/freebsd-arm64': 0.21.5
      '@esbuild/freebsd-x64': 0.21.5
      '@esbuild/linux-arm': 0.21.5
      '@esbuild/linux-arm64': 0.21.5
      '@esbuild/linux-ia32': 0.21.5
      '@esbuild/linux-loong64': 0.21.5
      '@esbuild/linux-mips64el': 0.21.5
      '@esbuild/linux-ppc64': 0.21.5
      '@esbuild/linux-riscv64': 0.21.5
      '@esbuild/linux-s390x': 0.21.5
      '@esbuild/linux-x64': 0.21.5
      '@esbuild/netbsd-x64': 0.21.5
      '@esbuild/openbsd-x64': 0.21.5
      '@esbuild/sunos-x64': 0.21.5
      '@esbuild/win32-arm64': 0.21.5
      '@esbuild/win32-ia32': 0.21.5
      '@esbuild/win32-x64': 0.21.5

  estree-walker@2.0.2: {}

  fsevents@2.3.3:
    optional: true

  graceful-fs@4.2.11: {}

  he@1.2.0: {}

  jiti@2.4.2: {}

  lightningcss-darwin-arm64@1.29.2:
    optional: true

  lightningcss-darwin-x64@1.29.2:
    optional: true

  lightningcss-freebsd-x64@1.29.2:
    optional: true

  lightningcss-linux-arm-gnueabihf@1.29.2:
    optional: true

  lightningcss-linux-arm64-gnu@1.29.2:
    optional: true

  lightningcss-linux-arm64-musl@1.29.2:
    optional: true

  lightningcss-linux-x64-gnu@1.29.2:
    optional: true

  lightningcss-linux-x64-musl@1.29.2:
    optional: true

  lightningcss-win32-arm64-msvc@1.29.2:
    optional: true

  lightningcss-win32-x64-msvc@1.29.2:
    optional: true

  lightningcss@1.29.2:
    dependencies:
      detect-libc: 2.0.3
    optionalDependencies:
      lightningcss-darwin-arm64: 1.29.2
      lightningcss-darwin-x64: 1.29.2
      lightningcss-freebsd-x64: 1.29.2
      lightningcss-linux-arm-gnueabihf: 1.29.2
      lightningcss-linux-arm64-gnu: 1.29.2
      lightningcss-linux-arm64-musl: 1.29.2
      lightningcss-linux-x64-gnu: 1.29.2
      lightningcss-linux-x64-musl: 1.29.2
      lightningcss-win32-arm64-msvc: 1.29.2
      lightningcss-win32-x64-msvc: 1.29.2

  magic-string@0.30.17:
    dependencies:
      '@jridgewell/sourcemap-codec': 1.5.0

  minimatch@9.0.5:
    dependencies:
      brace-expansion: 2.0.1

  muggle-string@0.3.1: {}

  nanoid@3.3.11: {}

  path-browserify@1.0.1: {}

  picocolors@1.1.1: {}

  postcss@8.5.3:
    dependencies:
      nanoid: 3.3.11
      picocolors: 1.1.1
      source-map-js: 1.2.1

  rollup@4.39.0:
    dependencies:
      '@types/estree': 1.0.7
    optionalDependencies:
      '@rollup/rollup-android-arm-eabi': 4.39.0
      '@rollup/rollup-android-arm64': 4.39.0
      '@rollup/rollup-darwin-arm64': 4.39.0
      '@rollup/rollup-darwin-x64': 4.39.0
      '@rollup/rollup-freebsd-arm64': 4.39.0
      '@rollup/rollup-freebsd-x64': 4.39.0
      '@rollup/rollup-linux-arm-gnueabihf': 4.39.0
      '@rollup/rollup-linux-arm-musleabihf': 4.39.0
      '@rollup/rollup-linux-arm64-gnu': 4.39.0
      '@rollup/rollup-linux-arm64-musl': 4.39.0
      '@rollup/rollup-linux-loongarch64-gnu': 4.39.0
      '@rollup/rollup-linux-powerpc64le-gnu': 4.39.0
      '@rollup/rollup-linux-riscv64-gnu': 4.39.0
      '@rollup/rollup-linux-riscv64-musl': 4.39.0
      '@rollup/rollup-linux-s390x-gnu': 4.39.0
      '@rollup/rollup-linux-x64-gnu': 4.39.0
      '@rollup/rollup-linux-x64-musl': 4.39.0
      '@rollup/rollup-win32-arm64-msvc': 4.39.0
      '@rollup/rollup-win32-ia32-msvc': 4.39.0
      '@rollup/rollup-win32-x64-msvc': 4.39.0
      fsevents: 2.3.3

  semver@7.7.1: {}

  source-map-js@1.2.1: {}

  tailwindcss@4.1.3: {}

  tapable@2.2.1: {}

  typescript@5.8.3: {}

  undici-types@6.19.8: {}

  vite@5.4.17(@types/node@20.17.30)(lightningcss@1.29.2):
    dependencies:
      esbuild: 0.21.5
      postcss: 8.5.3
      rollup: 4.39.0
    optionalDependencies:
      '@types/node': 20.17.30
      fsevents: 2.3.3
      lightningcss: 1.29.2

  vue-template-compiler@2.7.16:
    dependencies:
      de-indent: 1.0.2
      he: 1.2.0

  vue-tsc@1.8.27(typescript@5.8.3):
    dependencies:
      '@volar/typescript': 1.11.1
      '@vue/language-core': 1.8.27(typescript@5.8.3)
      semver: 7.7.1
      typescript: 5.8.3

  vue@3.5.13(typescript@5.8.3):
    dependencies:
      '@vue/compiler-dom': 3.5.13
      '@vue/compiler-sfc': 3.5.13
      '@vue/runtime-dom': 3.5.13
      '@vue/server-renderer': 3.5.13(vue@3.5.13(typescript@5.8.3))
      '@vue/shared': 3.5.13
    optionalDependencies:
      typescript: 5.8.3
